
Microsoft Visual Studio Solution File, Format Version 12.00
# Visual Studio Version 17
VisualStudioVersion = 17.9.34723.18
MinimumVisualStudioVersion = 10.0.40219.1
Project("{FAE04EC0-301F-11D3-BF4B-00C04F79EFBC}") = "TravelBookerApi", "TravelBookerApi\TravelBookerApi.csproj", "{37D0AB43-906E-467A-8D06-FDF1AE5C9385}"
EndProject
Global
	GlobalSection(SolutionConfigurationPlatforms) = preSolution
		Debug|Any CPU = Debug|Any CPU
		Release|Any CPU = Release|Any CPU
	EndGlobalSection
	GlobalSection(ProjectConfigurationPlatforms) = postSolution
		{37D0AB43-906E-467A-8D06-FDF1AE5C9385}.Debug|Any CPU.ActiveCfg = Debug|Any CPU
		{37D0AB43-906E-467A-8D06-FDF1AE5C9385}.Debug|Any CPU.Build.0 = Debug|Any CPU
		{37D0AB43-906E-467A-8D06-FDF1AE5C9385}.Release|Any CPU.ActiveCfg = Release|Any CPU
		{37D0AB43-906E-467A-8D06-FDF1AE5C9385}.Release|Any CPU.Build.0 = Release|Any CPU
	EndGlobalSection
	GlobalSection(SolutionProperties) = preSolution
		HideSolutionNode = FALSE
	EndGlobalSection
	GlobalSection(ExtensibilityGlobals) = postSolution
		SolutionGuid = {28A9FDD6-D9D3-4745-BA3A-A6247CC94980}
	EndGlobalSection
EndGlobal
